
Microsoft Visual Studio Solution File, Format Version 12.00
# Visual Studio Version 16
VisualStudioVersion = 16.0.32106.194
MinimumVisualStudioVersion = 10.0.40219.1
Project("{FAE04EC0-301F-11D3-BF4B-00C04F79EFBC}") = "Trezor.Client", "Trezor.Client\Trezor.Client.csproj", "{3D3B27E9-5804-4D0D-B821-4FEE89718EF1}"
EndProject
Project("{FAE04EC0-301F-11D3-BF4B-00C04F79EFBC}") = "Trezor.Client.Tests", "Trezor.Client.Tests\Trezor.Client.Tests.csproj", "{90EA25D9-8B42-4C33-A52E-C823A9EBDEC5}"
EndProject
Global
	GlobalSection(SolutionConfigurationPlatforms) = preSolution
		Debug|Any CPU = Debug|Any CPU
		Release|Any CPU = Release|Any CPU
	EndGlobalSection
	GlobalSection(ProjectConfigurationPlatforms) = postSolution
		{3D3B27E9-5804-4D0D-B821-4FEE89718EF1}.Debug|Any CPU.ActiveCfg = Debug|Any CPU
		{3D3B27E9-5804-4D0D-B821-4FEE89718EF1}.Debug|Any CPU.Build.0 = Debug|Any CPU
		{3D3B27E9-5804-4D0D-B821-4FEE89718EF1}.Release|Any CPU.ActiveCfg = Release|Any CPU
		{3D3B27E9-5804-4D0D-B821-4FEE89718EF1}.Release|Any CPU.Build.0 = Release|Any CPU
		{90EA25D9-8B42-4C33-A52E-C823A9EBDEC5}.Debug|Any CPU.ActiveCfg = Debug|Any CPU
		{90EA25D9-8B42-4C33-A52E-C823A9EBDEC5}.Debug|Any CPU.Build.0 = Debug|Any CPU
		{90EA25D9-8B42-4C33-A52E-C823A9EBDEC5}.Release|Any CPU.ActiveCfg = Release|Any CPU
		{90EA25D9-8B42-4C33-A52E-C823A9EBDEC5}.Release|Any CPU.Build.0 = Release|Any CPU
	EndGlobalSection
	GlobalSection(SolutionProperties) = preSolution
		HideSolutionNode = FALSE
	EndGlobalSection
	GlobalSection(ExtensibilityGlobals) = postSolution
		SolutionGuid = {673E9DE3-CD66-4018-A9C4-9957BA0A61A3}
	EndGlobalSection
EndGlobal
